
Microsoft Visual Studio Solution File, Format Version 12.00
# Visual Studio Version 16
VisualStudioVersion = 16.0.31205.134
MinimumVisualStudioVersion = 10.0.40219.1
Project("{FAE04EC0-301F-11D3-BF4B-00C04F79EFBC}") = "Week5Project", "Week5Project\Week5Project.csproj", "{06A5766F-A5E3-40F0-98D7-F558480C745B}"
EndProject
Global
	GlobalSection(SolutionConfigurationPlatforms) = preSolution
		Debug|Any CPU = Debug|Any CPU
		Release|Any CPU = Release|Any CPU
	EndGlobalSection
	GlobalSection(ProjectConfigurationPlatforms) = postSolution
		{06A5766F-A5E3-40F0-98D7-F558480C745B}.Debug|Any CPU.ActiveCfg = Debug|Any CPU
		{06A5766F-A5E3-40F0-98D7-F558480C745B}.Debug|Any CPU.Build.0 = Debug|Any CPU
		{06A5766F-A5E3-40F0-98D7-F558480C745B}.Release|Any CPU.ActiveCfg = Release|Any CPU
		{06A5766F-A5E3-40F0-98D7-F558480C745B}.Release|Any CPU.Build.0 = Release|Any CPU
	EndGlobalSection
	GlobalSection(SolutionProperties) = preSolution
		HideSolutionNode = FALSE
	EndGlobalSection
	GlobalSection(ExtensibilityGlobals) = postSolution
		SolutionGuid = {17D369FB-97D0-4C30-AD5F-706F38E4C165}
	EndGlobalSection
EndGlobal
